
Microsoft Visual Studio Solution File, Format Version 12.00
# Visual Studio Version 17
VisualStudioVersion = 17.10.35027.167
MinimumVisualStudioVersion = 10.0.40219.1
Project("{FAE04EC0-301F-11D3-BF4B-00C04F79EFBC}") = "Shopp", "Shopp\Shopp.csproj", "{00B87E28-1F55-4AEC-9DD3-9BD35C773EF7}"
EndProject
Global
	GlobalSection(SolutionConfigurationPlatforms) = preSolution
		Debug|Any CPU = Debug|Any CPU
		Release|Any CPU = Release|Any CPU
	EndGlobalSection
	GlobalSection(ProjectConfigurationPlatforms) = postSolution
		{00B87E28-1F55-4AEC-9DD3-9BD35C773EF7}.Debug|Any CPU.ActiveCfg = Debug|Any CPU
		{00B87E28-1F55-4AEC-9DD3-9BD35C773EF7}.Debug|Any CPU.Build.0 = Debug|Any CPU
		{00B87E28-1F55-4AEC-9DD3-9BD35C773EF7}.Release|Any CPU.ActiveCfg = Release|Any CPU
		{00B87E28-1F55-4AEC-9DD3-9BD35C773EF7}.Release|Any CPU.Build.0 = Release|Any CPU
	EndGlobalSection
	GlobalSection(SolutionProperties) = preSolution
		HideSolutionNode = FALSE
	EndGlobalSection
	GlobalSection(ExtensibilityGlobals) = postSolution
		SolutionGuid = {AAB001A2-7A90-4064-95CF-3538D1DCC0C3}
	EndGlobalSection
EndGlobal
